// !$*UTF8*$!
{
	archiveVersion = 1;
	classes = {
	};
	objectVersion = 48;
	objects = {

/* Begin PBXBuildFile section */
		95798CAF20E4062F00C557EF /* AppDelegate.swift in Sources */ = {isa = PBXBuildFile; fileRef = 95798CAE20E4062F00C557EF /* AppDelegate.swift */; };
		95798CB120E4062F00C557EF /* ViewController.swift in Sources */ = {isa = PBXBuildFile; fileRef = 95798CB020E4062F00C557EF /* ViewController.swift */; };
		95798CB420E4063000C557EF /* Main.storyboard in Resources */ = {isa = PBXBuildFile; fileRef = 95798CB220E4063000C557EF /* Main.storyboard */; };
		95798CB620E4063000C557EF /* Assets.xcassets in Resources */ = {isa = PBXBuildFile; fileRef = 95798CB520E4063000C557EF /* Assets.xcassets */; };
		95798CB920E4063000C557EF /* LaunchScreen.storyboard in Resources */ = {isa = PBXBuildFile; fileRef = 95798CB720E4063000C557EF /* LaunchScreen.storyboard */; };
		95991AB220E48DAF004AE7F2 /* Media.swift in Sources */ = {isa = PBXBuildFile; fileRef = 95991AB120E48DAF004AE7F2 /* Media.swift */; };
		95991AB420E4A05F004AE7F2 /* girl2.jpg in Resources */ = {isa = PBXBuildFile; fileRef = 95991AB320E4A05F004AE7F2 /* girl2.jpg */; };
/* End PBXBuildFile section */

/* Begin PBXFileReference section */
		95798CAB20E4062F00C557EF /* URLSession Multipart Form- Data Requests.app */ = {isa = PBXFileReference; explicitFileType = wrapper.application; includeInIndex = 0; path = "URLSession Multipart Form- Data Requests.app"; sourceTree = BUILT_PRODUCTS_DIR; };
		95798CAE20E4062F00C557EF /* AppDelegate.swift */ = {isa = PBXFileReference; lastKnownFileType = sourcecode.swift; path = AppDelegate.swift; sourceTree = "<group>"; };
		95798CB020E4062F00C557EF /* ViewController.swift */ = {isa = PBXFileReference; lastKnownFileType = sourcecode.swift; path = ViewController.swift; sourceTree = "<group>"; };
		95798CB320E4063000C557EF /* Base */ = {isa = PBXFileReference; lastKnownFileType = file.storyboard; name = Base; path = Base.lproj/Main.storyboard; sourceTree = "<group>"; };
		95798CB520E4063000C557EF /* Assets.xcassets */ = {isa = PBXFileReference; lastKnownFileType = folder.assetcatalog; path = Assets.xcassets; sourceTree = "<group>"; };
		95798CB820E4063000C557EF /* Base */ = {isa = PBXFileReference; lastKnownFileType = file.storyboard; name = Base; path = Base.lproj/LaunchScreen.storyboard; sourceTree = "<group>"; };
		95798CBA20E4063000C557EF /* Info.plist */ = {isa = PBXFileReference; lastKnownFileType = text.plist.xml; path = Info.plist; sourceTree = "<group>"; };
		95991AB120E48DAF004AE7F2 /* Media.swift */ = {isa = PBXFileReference; lastKnownFileType = sourcecode.swift; path = Media.swift; sourceTree = "<group>"; };
		95991AB320E4A05F004AE7F2 /* girl2.jpg */ = {isa = PBXFileReference; lastKnownFileType = image.jpeg; path = girl2.jpg; sourceTree = "<group>"; };
/* End PBXFileReference section */

/* Begin PBXFrameworksBuildPhase section */
		95798CA820E4062F00C557EF /* Frameworks */ = {
			isa = PBXFrameworksBuildPhase;
			buildActionMask = 2147483647;
			files = (
			);
			runOnlyForDeploymentPostprocessing = 0;
		};
/* End PBXFrameworksBuildPhase section */

/* Begin PBXGroup section */
		95798CA220E4062F00C557EF = {
			isa = PBXGroup;
			children = (
				95798CAD20E4062F00C557EF /* URLSession Multipart Form- Data Requests */,
				95798CAC20E4062F00C557EF /* Products */,
			);
			sourceTree = "<group>";
		};
		95798CAC20E4062F00C557EF /* Products */ = {
			isa = PBXGroup;
			children = (
				95798CAB20E4062F00C557EF /* URLSession Multipart Form- Data Requests.app */,
			);
			name = Products;
			sourceTree = "<group>";
		};
		95798CAD20E4062F00C557EF /* URLSession Multipart Form- Data Requests */ = {
			isa = PBXGroup;
			children = (
				95798CAE20E4062F00C557EF /* AppDelegate.swift */,
				95798CB020E4062F00C557EF /* ViewController.swift */,
				95991AB120E48DAF004AE7F2 /* Media.swift */,
				95798CB220E4063000C557EF /* Main.storyboard */,
				95991AB320E4A05F004AE7F2 /* girl2.jpg */,
				95798CB520E4063000C557EF /* Assets.xcassets */,
				95798CB720E4063000C557EF /* LaunchScreen.storyboard */,
				95798CBA20E4063000C557EF /* Info.plist */,
			);
			path = "URLSession Multipart Form- Data Requests";
			sourceTree = "<group>";
		};
/* End PBXGroup section */

/* Begin PBXNativeTarget section */
		95798CAA20E4062F00C557EF /* URLSession Multipart Form- Data Requests */ = {
			isa = PBXNativeTarget;
			buildConfigurationList = 95798CBD20E4063000C557EF /* Build configuration list for PBXNativeTarget "URLSession Multipart Form- Data Requests" */;
			buildPhases = (
				95798CA720E4062F00C557EF /* Sources */,
				95798CA820E4062F00C557EF /* Frameworks */,
				95798CA920E4062F00C557EF /* Resources */,
			);
			buildRules = (
			);
			dependencies = (
			);
			name = "URLSession Multipart Form- Data Requests";
			productName = "URLSession Multipart Form- Data Requests";
			productReference = 95798CAB20E4062F00C557EF /* URLSession Multipart Form- Data Requests.app */;
			productType = "com.apple.product-type.application";
		};
/* End PBXNativeTarget section */

/* Begin PBXProject section */
		95798CA320E4062F00C557EF /* Project object */ = {
			isa = PBXProject;
			attributes = {
				LastSwiftUpdateCheck = 0920;
				LastUpgradeCheck = 0920;
				ORGANIZATIONNAME = "Ahmet Berkay CALISTI";
				TargetAttributes = {
					95798CAA20E4062F00C557EF = {
						CreatedOnToolsVersion = 9.2;
						ProvisioningStyle = Automatic;
					};
				};
			};
			buildConfigurationList = 95798CA620E4062F00C557EF /* Build configuration list for PBXProject "URLSession Multipart Form- Data Requests" */;
			compatibilityVersion = "Xcode 8.0";
			developmentRegion = en;
			hasScannedForEncodings = 0;
			knownRegions = (
				en,
				Base,
			);
			mainGroup = 95798CA220E4062F00C557EF;
			productRefGroup = 95798CAC20E4062F00C557EF /* Products */;
			projectDirPath = "";
			projectRoot = "";
			targets = (
				95798CAA20E4062F00C557EF /* URLSession Multipart Form- Data Requests */,
			);
		};
/* End PBXProject section */

/* Begin PBXResourcesBuildPhase section */
		95798CA920E4062F00C557EF /* Resources */ = {
			isa = PBXResourcesBuildPhase;
			buildActionMask = 2147483647;
			files = (
				95991AB420E4A05F004AE7F2 /* girl2.jpg in Resources */,
				95798CB920E4063000C557EF /* LaunchScreen.storyboard in Resources */,
				95798CB620E4063000C557EF /* Assets.xcassets in Resources */,
				95798CB420E4063000C557EF /* Main.storyboard in Resources */,
			);
			runOnlyForDeploymentPostprocessing = 0;
		};
/* End PBXResourcesBuildPhase section */

/* Begin PBXSourcesBuildPhase section */
		95798CA720E4062F00C557EF /* Sources */ = {
			isa = PBXSourcesBuildPhase;
			buildActionMask = 2147483647;
			files = (
				95798CB120E4062F00C557EF /* ViewController.swift in Sources */,
				95798CAF20E4062F00C557EF /* AppDelegate.swift in Sources */,
				95991AB220E48DAF004AE7F2 /* Media.swift in Sources */,
			);
			runOnlyForDeploymentPostprocessing = 0;
		};
/* End PBXSourcesBuildPhase section */

/* Begin PBXVariantGroup section */
		95798CB220E4063000C557EF /* Main.storyboard */ = {
			isa = PBXVariantGroup;
			children = (
				95798CB320E4063000C557EF /* Base */,
			);
			name = Main.storyboard;
			sourceTree = "<group>";
		};
		95798CB720E4063000C557EF /* LaunchScreen.storyboard */ = {
			isa = PBXVariantGroup;
			children = (
				95798CB820E4063000C557EF /* Base */,
			);
			name = LaunchScreen.storyboard;
			sourceTree = "<group>";
		};
/* End PBXVariantGroup section */

/* Begin XCBuildConfiguration section */
		95798CBB20E4063000C557EF /* Debug */ = {
			isa = XCBuildConfiguration;
			buildSettings = {
				ALWAYS_SEARCH_USER_PATHS = NO;
				CLANG_ANALYZER_NONNULL = YES;
				CLANG_ANALYZER_NUMBER_OBJECT_CONVERSION = YES_AGGRESSIVE;
				CLANG_CXX_LANGUAGE_STANDARD = "gnu++14";
				CLANG_CXX_LIBRARY = "libc++";
				CLANG_ENABLE_MODULES = YES;
				CLANG_ENABLE_OBJC_ARC = YES;
				CLANG_WARN_BLOCK_CAPTURE_AUTORELEASING = YES;
				CLANG_WARN_BOOL_CONVERSION = YES;
				CLANG_WARN_COMMA = YES;
				CLANG_WARN_CONSTANT_CONVERSION = YES;
				CLANG_WARN_DIRECT_OBJC_ISA_USAGE = YES_ERROR;
				CLANG_WARN_DOCUMENTATION_COMMENTS = YES;
				CLANG_WARN_EMPTY_BODY = YES;
				CLANG_WARN_ENUM_CONVERSION = YES;
				CLANG_WARN_INFINITE_RECURSION = YES;
				CLANG_WARN_INT_CONVERSION = YES;
				CLANG_WARN_NON_LITERAL_NULL_CONVERSION = YES;
				CLANG_WARN_OBJC_LITERAL_CONVERSION = YES;
				CLANG_WARN_OBJC_ROOT_CLASS = YES_ERROR;
				CLANG_WARN_RANGE_LOOP_ANALYSIS = YES;
				CLANG_WARN_STRICT_PROTOTYPES = YES;
				CLANG_WARN_SUSPICIOUS_MOVE = YES;
				CLANG_WARN_UNGUARDED_AVAILABILITY = YES_AGGRESSIVE;
				CLANG_WARN_UNREACHABLE_CODE = YES;
				CLANG_WARN__DUPLICATE_METHOD_MATCH = YES;
				CODE_SIGN_IDENTITY = "iPhone Developer";
				COPY_PHASE_STRIP = NO;
				DEBUG_INFORMATION_FORMAT = dwarf;
				ENABLE_STRICT_OBJC_MSGSEND = YES;
				ENABLE_TESTABILITY = YES;
				GCC_C_LANGUAGE_STANDARD = gnu11;
				GCC_DYNAMIC_NO_PIC = NO;
				GCC_NO_COMMON_BLOCKS = YES;
				GCC_OPTIMIZATION_LEVEL = 0;
				GCC_PREPROCESSOR_DEFINITIONS = (
					"DEBUG=1",
					"$(inherited)",
				);
				GCC_WARN_64_TO_32_BIT_CONVERSION = YES;
				GCC_WARN_ABOUT_RETURN_TYPE = YES_ERROR;
				GCC_WARN_UNDECLARED_SELECTOR = YES;
				GCC_WARN_UNINITIALIZED_AUTOS = YES_AGGRESSIVE;
				GCC_WARN_UNUSED_FUNCTION = YES;
				GCC_WARN_UNUSED_VARIABLE = YES;
				IPHONEOS_DEPLOYMENT_TARGET = 11.2;
				MTL_ENABLE_DEBUG_INFO = YES;
				ONLY_ACTIVE_ARCH = YES;
				SDKROOT = iphoneos;
				SWIFT_ACTIVE_COMPILATION_CONDITIONS = DEBUG;
				SWIFT_OPTIMIZATION_LEVEL = "-Onone";
			};
			name = Debug;
		};
		95798CBC20E4063000C557EF /* Release */ = {
			isa = XCBuildConfiguration;
			buildSettings = {
				ALWAYS_SEARCH_USER_PATHS = NO;
				CLANG_ANALYZER_NONNULL = YES;
				CLANG_ANALYZER_NUMBER_OBJECT_CONVERSION = YES_AGGRESSIVE;
				CLANG_CXX_LANGUAGE_STANDARD = "gnu++14";
				CLANG_CXX_LIBRARY = "libc++";
				CLANG_ENABLE_MODULES = YES;
				CLANG_ENABLE_OBJC_ARC = YES;
				CLANG_WARN_BLOCK_CAPTURE_AUTORELEASING = YES;
				CLANG_WARN_BOOL_CONVERSION = YES;
				CLANG_WARN_COMMA = YES;
				CLANG_WARN_CONSTANT_CONVERSION = YES;
				CLANG_WARN_DIRECT_OBJC_ISA_USAGE = YES_ERROR;
				CLANG_WARN_DOCUMENTATION_COMMENTS = YES;
				CLANG_WARN_EMPTY_BODY = YES;
				CLANG_WARN_ENUM_CONVERSION = YES;
				CLANG_WARN_INFINITE_RECURSION = YES;
				CLANG_WARN_INT_CONVERSION = YES;
				CLANG_WARN_NON_LITERAL_NULL_CONVERSION = YES;
				CLANG_WARN_OBJC_LITERAL_CONVERSION = YES;
				CLANG_WARN_OBJC_ROOT_CLASS = YES_ERROR;
				CLANG_WARN_RANGE_LOOP_ANALYSIS = YES;
				CLANG_WARN_STRICT_PROTOTYPES = YES;
				CLANG_WARN_SUSPICIOUS_MOVE = YES;
				CLANG_WARN_UNGUARDED_AVAILABILITY = YES_AGGRESSIVE;
				CLANG_WARN_UNREACHABLE_CODE = YES;
				CLANG_WARN__DUPLICATE_METHOD_MATCH = YES;
				CODE_SIGN_IDENTITY = "iPhone Developer";
				COPY_PHASE_STRIP = NO;
				DEBUG_INFORMATION_FORMAT = "dwarf-with-dsym";
				ENABLE_NS_ASSERTIONS = NO;
				ENABLE_STRICT_OBJC_MSGSEND = YES;
				GCC_C_LANGUAGE_STANDARD = gnu11;
				GCC_NO_COMMON_BLOCKS = YES;
				GCC_WARN_64_TO_32_BIT_CONVERSION = YES;
				GCC_WARN_ABOUT_RETURN_TYPE = YES_ERROR;
				GCC_WARN_UNDECLARED_SELECTOR = YES;
				GCC_WARN_UNINITIALIZED_AUTOS = YES_AGGRESSIVE;
				GCC_WARN_UNUSED_FUNCTION = YES;
				GCC_WARN_UNUSED_VARIABLE = YES;
				IPHONEOS_DEPLOYMENT_TARGET = 11.2;
				MTL_ENABLE_DEBUG_INFO = NO;
				SDKROOT = iphoneos;
				SWIFT_OPTIMIZATION_LEVEL = "-Owholemodule";
				VALIDATE_PRODUCT = YES;
			};
			name = Release;
		};
		95798CBE20E4063000C557EF /* Debug */ = {
			isa = XCBuildConfiguration;
			buildSettings = {
				ASSETCATALOG_COMPILER_APPICON_NAME = AppIcon;
				CODE_SIGN_STYLE = Automatic;
				DEVELOPMENT_TEAM = 7DUBG8X95G;
				INFOPLIST_FILE = "URLSession Multipart Form- Data Requests/Info.plist";
				LD_RUNPATH_SEARCH_PATHS = "$(inherited) @executable_path/Frameworks";
				PRODUCT_BUNDLE_IDENTIFIER = "com.ABC.URLSession-Multipart-Form--Data-Requests";
				PRODUCT_NAME = "$(TARGET_NAME)";
				SWIFT_VERSION = 4.0;
				TARGETED_DEVICE_FAMILY = "1,2";
			};
			name = Debug;
		};
		95798CBF20E4063000C557EF /* Release */ = {
			isa = XCBuildConfiguration;
			buildSettings = {
				ASSETCATALOG_COMPILER_APPICON_NAME = AppIcon;
				CODE_SIGN_STYLE = Automatic;
				DEVELOPMENT_TEAM = 7DUBG8X95G;
				INFOPLIST_FILE = "URLSession Multipart Form- Data Requests/Info.plist";
				LD_RUNPATH_SEARCH_PATHS = "$(inherited) @executable_path/Frameworks";
				PRODUCT_BUNDLE_IDENTIFIER = "com.ABC.URLSession-Multipart-Form--Data-Requests";
				PRODUCT_NAME = "$(TARGET_NAME)";
				SWIFT_VERSION = 4.0;
				TARGETED_DEVICE_FAMILY = "1,2";
			};
			name = Release;
		};
/* End XCBuildConfiguration section */

/* Begin XCConfigurationList section */
		95798CA620E4062F00C557EF /* Build configuration list for PBXProject "URLSession Multipart Form- Data Requests" */ = {
			isa = XCConfigurationList;
			buildConfigurations = (
				95798CBB20E4063000C557EF /* Debug */,
				95798CBC20E4063000C557EF /* Release */,
			);
			defaultConfigurationIsVisible = 0;
			defaultConfigurationName = Release;
		};
		95798CBD20E4063000C557EF /* Build configuration list for PBXNativeTarget "URLSession Multipart Form- Data Requests" */ = {
			isa = XCConfigurationList;
			buildConfigurations = (
				95798CBE20E4063000C557EF /* Debug */,
				95798CBF20E4063000C557EF /* Release */,
			);
			defaultConfigurationIsVisible = 0;
			defaultConfigurationName = Release;
		};
/* End XCConfigurationList section */
	};
	rootObject = 95798CA320E4062F00C557EF /* Project object */;
}
